// !$*UTF8*$!
{
	archiveVersion = 1;
	classes = {
	};
	objectVersion = 46;
	objects = {

/* Begin PBXBuildFile section */
		A63848451D99A072008BBAA8 /* AppDelegate.swift in Sources */ = {isa = PBXBuildFile; fileRef = A63848441D99A072008BBAA8 /* AppDelegate.swift */; };
		A63848471D99A072008BBAA8 /* ViewController.swift in Sources */ = {isa = PBXBuildFile; fileRef = A63848461D99A072008BBAA8 /* ViewController.swift */; };
		A638484A1D99A072008BBAA8 /* Main.storyboard in Resources */ = {isa = PBXBuildFile; fileRef = A63848481D99A072008BBAA8 /* Main.storyboard */; };
		A638484C1D99A072008BBAA8 /* Assets.xcassets in Resources */ = {isa = PBXBuildFile; fileRef = A638484B1D99A072008BBAA8 /* Assets.xcassets */; };
		A638484F1D99A072008BBAA8 /* LaunchScreen.storyboard in Resources */ = {isa = PBXBuildFile; fileRef = A638484D1D99A072008BBAA8 /* LaunchScreen.storyboard */; };
		A63848571D99A099008BBAA8 /* Synchronizer.swift in Sources */ = {isa = PBXBuildFile; fileRef = A63848561D99A099008BBAA8 /* Synchronizer.swift */; };
/* End PBXBuildFile section */

/* Begin PBXFileReference section */
		A63848411D99A072008BBAA8 /* SwiftSynchronization.app */ = {isa = PBXFileReference; explicitFileType = wrapper.application; includeInIndex = 0; path = SwiftSynchronization.app; sourceTree = BUILT_PRODUCTS_DIR; };
		A63848441D99A072008BBAA8 /* AppDelegate.swift */ = {isa = PBXFileReference; lastKnownFileType = sourcecode.swift; path = AppDelegate.swift; sourceTree = "<group>"; };
		A63848461D99A072008BBAA8 /* ViewController.swift */ = {isa = PBXFileReference; lastKnownFileType = sourcecode.swift; path = ViewController.swift; sourceTree = "<group>"; };
		A63848491D99A072008BBAA8 /* Base */ = {isa = PBXFileReference; lastKnownFileType = file.storyboard; name = Base; path = Base.lproj/Main.storyboard; sourceTree = "<group>"; };
		A638484B1D99A072008BBAA8 /* Assets.xcassets */ = {isa = PBXFileReference; lastKnownFileType = folder.assetcatalog; path = Assets.xcassets; sourceTree = "<group>"; };
		A638484E1D99A072008BBAA8 /* Base */ = {isa = PBXFileReference; lastKnownFileType = file.storyboard; name = Base; path = Base.lproj/LaunchScreen.storyboard; sourceTree = "<group>"; };
		A63848501D99A072008BBAA8 /* Info.plist */ = {isa = PBXFileReference; lastKnownFileType = text.plist.xml; path = Info.plist; sourceTree = "<group>"; };
		A63848561D99A099008BBAA8 /* Synchronizer.swift */ = {isa = PBXFileReference; fileEncoding = 4; lastKnownFileType = sourcecode.swift; path = Synchronizer.swift; sourceTree = "<group>"; };
/* End PBXFileReference section */

/* Begin PBXFrameworksBuildPhase section */
		A638483E1D99A072008BBAA8 /* Frameworks */ = {
			isa = PBXFrameworksBuildPhase;
			buildActionMask = 2147483647;
			files = (
			);
			runOnlyForDeploymentPostprocessing = 0;
		};
/* End PBXFrameworksBuildPhase section */

/* Begin PBXGroup section */
		A63848381D99A072008BBAA8 = {
			isa = PBXGroup;
			children = (
				A63848431D99A072008BBAA8 /* SwiftSynchronization */,
				A63848421D99A072008BBAA8 /* Products */,
			);
			sourceTree = "<group>";
		};
		A63848421D99A072008BBAA8 /* Products */ = {
			isa = PBXGroup;
			children = (
				A63848411D99A072008BBAA8 /* SwiftSynchronization.app */,
			);
			name = Products;
			sourceTree = "<group>";
		};
		A63848431D99A072008BBAA8 /* SwiftSynchronization */ = {
			isa = PBXGroup;
			children = (
				A63848441D99A072008BBAA8 /* AppDelegate.swift */,
				A63848461D99A072008BBAA8 /* ViewController.swift */,
				A63848561D99A099008BBAA8 /* Synchronizer.swift */,
				A63848481D99A072008BBAA8 /* Main.storyboard */,
				A638484B1D99A072008BBAA8 /* Assets.xcassets */,
				A638484D1D99A072008BBAA8 /* LaunchScreen.storyboard */,
				A63848501D99A072008BBAA8 /* Info.plist */,
			);
			path = SwiftSynchronization;
			sourceTree = "<group>";
		};
/* End PBXGroup section */

/* Begin PBXNativeTarget section */
		A63848401D99A072008BBAA8 /* SwiftSynchronization */ = {
			isa = PBXNativeTarget;
			buildConfigurationList = A63848531D99A072008BBAA8 /* Build configuration list for PBXNativeTarget "SwiftSynchronization" */;
			buildPhases = (
				A638483D1D99A072008BBAA8 /* Sources */,
				A638483E1D99A072008BBAA8 /* Frameworks */,
				A638483F1D99A072008BBAA8 /* Resources */,
			);
			buildRules = (
			);
			dependencies = (
			);
			name = SwiftSynchronization;
			productName = SwiftSynchronization;
			productReference = A63848411D99A072008BBAA8 /* SwiftSynchronization.app */;
			productType = "com.apple.product-type.application";
		};
/* End PBXNativeTarget section */

/* Begin PBXProject section */
		A63848391D99A072008BBAA8 /* Project object */ = {
			isa = PBXProject;
			attributes = {
				LastSwiftUpdateCheck = 0800;
				LastUpgradeCheck = 0800;
				ORGANIZATIONNAME = "Sharma, Piyush";
				TargetAttributes = {
					A63848401D99A072008BBAA8 = {
						CreatedOnToolsVersion = 8.0;
						ProvisioningStyle = Automatic;
					};
				};
			};
			buildConfigurationList = A638483C1D99A072008BBAA8 /* Build configuration list for PBXProject "SwiftSynchronization" */;
			compatibilityVersion = "Xcode 3.2";
			developmentRegion = English;
			hasScannedForEncodings = 0;
			knownRegions = (
				en,
				Base,
			);
			mainGroup = A63848381D99A072008BBAA8;
			productRefGroup = A63848421D99A072008BBAA8 /* Products */;
			projectDirPath = "";
			projectRoot = "";
			targets = (
				A63848401D99A072008BBAA8 /* SwiftSynchronization */,
			);
		};
/* End PBXProject section */

/* Begin PBXResourcesBuildPhase section */
		A638483F1D99A072008BBAA8 /* Resources */ = {
			isa = PBXResourcesBuildPhase;
			buildActionMask = 2147483647;
			files = (
				A638484F1D99A072008BBAA8 /* LaunchScreen.storyboard in Resources */,
				A638484C1D99A072008BBAA8 /* Assets.xcassets in Resources */,
				A638484A1D99A072008BBAA8 /* Main.storyboard in Resources */,
			);
			runOnlyForDeploymentPostprocessing = 0;
		};
/* End PBXResourcesBuildPhase section */

/* Begin PBXSourcesBuildPhase section */
		A638483D1D99A072008BBAA8 /* Sources */ = {
			isa = PBXSourcesBuildPhase;
			buildActionMask = 2147483647;
			files = (
				A63848471D99A072008BBAA8 /* ViewController.swift in Sources */,
				A63848451D99A072008BBAA8 /* AppDelegate.swift in Sources */,
				A63848571D99A099008BBAA8 /* Synchronizer.swift in Sources */,
			);
			runOnlyForDeploymentPostprocessing = 0;
		};
/* End PBXSourcesBuildPhase section */

/* Begin PBXVariantGroup section */
		A63848481D99A072008BBAA8 /* Main.storyboard */ = {
			isa = PBXVariantGroup;
			children = (
				A63848491D99A072008BBAA8 /* Base */,
			);
			name = Main.storyboard;
			sourceTree = "<group>";
		};
		A638484D1D99A072008BBAA8 /* LaunchScreen.storyboard */ = {
			isa = PBXVariantGroup;
			children = (
				A638484E1D99A072008BBAA8 /* Base */,
			);
			name = LaunchScreen.storyboard;
			sourceTree = "<group>";
		};
/* End PBXVariantGroup section */

/* Begin XCBuildConfiguration section */
		A63848511D99A072008BBAA8 /* Debug */ = {
			isa = XCBuildConfiguration;
			buildSettings = {
				ALWAYS_SEARCH_USER_PATHS = NO;
				CLANG_ANALYZER_NONNULL = YES;
				CLANG_CXX_LANGUAGE_STANDARD = "gnu++0x";
				CLANG_CXX_LIBRARY = "libc++";
				CLANG_ENABLE_MODULES = YES;
				CLANG_ENABLE_OBJC_ARC = YES;
				CLANG_WARN_BOOL_CONVERSION = YES;
				CLANG_WARN_CONSTANT_CONVERSION = YES;
				CLANG_WARN_DIRECT_OBJC_ISA_USAGE = YES_ERROR;
				CLANG_WARN_DOCUMENTATION_COMMENTS = YES;
				CLANG_WARN_EMPTY_BODY = YES;
				CLANG_WARN_ENUM_CONVERSION = YES;
				CLANG_WARN_INFINITE_RECURSION = YES;
				CLANG_WARN_INT_CONVERSION = YES;
				CLANG_WARN_OBJC_ROOT_CLASS = YES_ERROR;
				CLANG_WARN_SUSPICIOUS_MOVES = YES;
				CLANG_WARN_UNREACHABLE_CODE = YES;
				CLANG_WARN__DUPLICATE_METHOD_MATCH = YES;
				"CODE_SIGN_IDENTITY[sdk=iphoneos*]" = "iPhone Developer";
				COPY_PHASE_STRIP = NO;
				DEBUG_INFORMATION_FORMAT = dwarf;
				ENABLE_STRICT_OBJC_MSGSEND = YES;
				ENABLE_TESTABILITY = YES;
				GCC_C_LANGUAGE_STANDARD = gnu99;
				GCC_DYNAMIC_NO_PIC = NO;
				GCC_NO_COMMON_BLOCKS = YES;
				GCC_OPTIMIZATION_LEVEL = 0;
				GCC_PREPROCESSOR_DEFINITIONS = (
					"DEBUG=1",
					"$(inherited)",
				);
				GCC_WARN_64_TO_32_BIT_CONVERSION = YES;
				GCC_WARN_ABOUT_RETURN_TYPE = YES_ERROR;
				GCC_WARN_UNDECLARED_SELECTOR = YES;
				GCC_WARN_UNINITIALIZED_AUTOS = YES_AGGRESSIVE;
				GCC_WARN_UNUSED_FUNCTION = YES;
				GCC_WARN_UNUSED_VARIABLE = YES;
				IPHONEOS_DEPLOYMENT_TARGET = 10.0;
				MTL_ENABLE_DEBUG_INFO = YES;
				ONLY_ACTIVE_ARCH = YES;
				SDKROOT = iphoneos;
				SWIFT_ACTIVE_COMPILATION_CONDITIONS = DEBUG;
				SWIFT_OPTIMIZATION_LEVEL = "-Onone";
				TARGETED_DEVICE_FAMILY = "1,2";
			};
			name = Debug;
		};
		A63848521D99A072008BBAA8 /* Release */ = {
			isa = XCBuildConfiguration;
			buildSettings = {
				ALWAYS_SEARCH_USER_PATHS = NO;
				CLANG_ANALYZER_NONNULL = YES;
				CLANG_CXX_LANGUAGE_STANDARD = "gnu++0x";
				CLANG_CXX_LIBRARY = "libc++";
				CLANG_ENABLE_MODULES = YES;
				CLANG_ENABLE_OBJC_ARC = YES;
				CLANG_WARN_BOOL_CONVERSION = YES;
				CLANG_WARN_CONSTANT_CONVERSION = YES;
				CLANG_WARN_DIRECT_OBJC_ISA_USAGE = YES_ERROR;
				CLANG_WARN_DOCUMENTATION_COMMENTS = YES;
				CLANG_WARN_EMPTY_BODY = YES;
				CLANG_WARN_ENUM_CONVERSION = YES;
				CLANG_WARN_INFINITE_RECURSION = YES;
				CLANG_WARN_INT_CONVERSION = YES;
				CLANG_WARN_OBJC_ROOT_CLASS = YES_ERROR;
				CLANG_WARN_SUSPICIOUS_MOVES = YES;
				CLANG_WARN_UNREACHABLE_CODE = YES;
				CLANG_WARN__DUPLICATE_METHOD_MATCH = YES;
				"CODE_SIGN_IDENTITY[sdk=iphoneos*]" = "iPhone Developer";
				COPY_PHASE_STRIP = NO;
				DEBUG_INFORMATION_FORMAT = "dwarf-with-dsym";
				ENABLE_NS_ASSERTIONS = NO;
				ENABLE_STRICT_OBJC_MSGSEND = YES;
				GCC_C_LANGUAGE_STANDARD = gnu99;
				GCC_NO_COMMON_BLOCKS = YES;
				GCC_WARN_64_TO_32_BIT_CONVERSION = YES;
				GCC_WARN_ABOUT_RETURN_TYPE = YES_ERROR;
				GCC_WARN_UNDECLARED_SELECTOR = YES;
				GCC_WARN_UNINITIALIZED_AUTOS = YES_AGGRESSIVE;
				GCC_WARN_UNUSED_FUNCTION = YES;
				GCC_WARN_UNUSED_VARIABLE = YES;
				IPHONEOS_DEPLOYMENT_TARGET = 10.0;
				MTL_ENABLE_DEBUG_INFO = NO;
				SDKROOT = iphoneos;
				SWIFT_OPTIMIZATION_LEVEL = "-Owholemodule";
				TARGETED_DEVICE_FAMILY = "1,2";
				VALIDATE_PRODUCT = YES;
			};
			name = Release;
		};
		A63848541D99A072008BBAA8 /* Debug */ = {
			isa = XCBuildConfiguration;
			buildSettings = {
				ASSETCATALOG_COMPILER_APPICON_NAME = AppIcon;
				INFOPLIST_FILE = SwiftSynchronization/Info.plist;
				LD_RUNPATH_SEARCH_PATHS = "$(inherited) @executable_path/Frameworks";
				PRODUCT_BUNDLE_IDENTIFIER = com.piyush.SwiftSynchronization;
				PRODUCT_NAME = "$(TARGET_NAME)";
				SWIFT_VERSION = 3.0;
			};
			name = Debug;
		};
		A63848551D99A072008BBAA8 /* Release */ = {
			isa = XCBuildConfiguration;
			buildSettings = {
				ASSETCATALOG_COMPILER_APPICON_NAME = AppIcon;
				INFOPLIST_FILE = SwiftSynchronization/Info.plist;
				LD_RUNPATH_SEARCH_PATHS = "$(inherited) @executable_path/Frameworks";
				PRODUCT_BUNDLE_IDENTIFIER = com.piyush.SwiftSynchronization;
				PRODUCT_NAME = "$(TARGET_NAME)";
				SWIFT_VERSION = 3.0;
			};
			name = Release;
		};
/* End XCBuildConfiguration section */

/* Begin XCConfigurationList section */
		A638483C1D99A072008BBAA8 /* Build configuration list for PBXProject "SwiftSynchronization" */ = {
			isa = XCConfigurationList;
			buildConfigurations = (
				A63848511D99A072008BBAA8 /* Debug */,
				A63848521D99A072008BBAA8 /* Release */,
			);
			defaultConfigurationIsVisible = 0;
			defaultConfigurationName = Release;
		};
		A63848531D99A072008BBAA8 /* Build configuration list for PBXNativeTarget "SwiftSynchronization" */ = {
			isa = XCConfigurationList;
			buildConfigurations = (
				A63848541D99A072008BBAA8 /* Debug */,
				A63848551D99A072008BBAA8 /* Release */,
			);
			defaultConfigurationIsVisible = 0;
		};
/* End XCConfigurationList section */
	};
	rootObject = A63848391D99A072008BBAA8 /* Project object */;
}
